
Microsoft Visual Studio Solution File, Format Version 12.00
# Visual Studio Version 17
VisualStudioVersion = 17.9.34407.89
MinimumVisualStudioVersion = 10.0.40219.1
Project("{2150E333-8FDC-42A3-9474-1A3956D46DE8}") = "src", "src", "{5870F2AD-78A5-4C5D-84D3-3939E2398E42}"
EndProject
Project("{2150E333-8FDC-42A3-9474-1A3956D46DE8}") = "ApiGateWay", "ApiGateWay", "{22D10731-205B-4648-9600-C996C2E56E09}"
EndProject
Project("{2150E333-8FDC-42A3-9474-1A3956D46DE8}") = "Services", "Services", "{7DDFCF75-C8E5-4E1A-8323-E35D55F77E38}"
EndProject
Project("{2150E333-8FDC-42A3-9474-1A3956D46DE8}") = "Common", "Common", "{C004C6D4-0803-4F0D-A93F-9678D633773C}"
EndProject
Project("{2150E333-8FDC-42A3-9474-1A3956D46DE8}") = "Survey", "Survey", "{23137B13-C163-4190-BA04-7B70835B85A5}"
EndProject
Project("{9A19103F-16F7-4668-BE54-9A1E7A4F7556}") = "SurveyApi", "SurveyApi\SurveyApi.csproj", "{2BDE9716-6486-4FCC-92F2-82F82EB0FEDD}"
EndProject
Project("{9A19103F-16F7-4668-BE54-9A1E7A4F7556}") = "Survey.Domain", "Survey.Domain\Survey.Domain.csproj", "{E5E26436-B5BB-44D6-9C4E-73AFAA2D0820}"
EndProject
Project("{9A19103F-16F7-4668-BE54-9A1E7A4F7556}") = "Survey.Application", "Survey.Application\Survey.Application.csproj", "{32CA320E-6DE2-4DA2-BBAB-F17F2FCB3853}"
EndProject
Project("{9A19103F-16F7-4668-BE54-9A1E7A4F7556}") = "Survey.Infrastructure", "Infrastructure\Survey.Infrastructure.csproj", "{555B3A7B-D569-49D3-B27C-8909369EEDC3}"
EndProject
Project("{E53339B2-1760-4266-BCC7-CA923CBCF16C}") = "docker-compose", "docker-compose.dcproj", "{CF7642F7-5C1E-4735-9384-76B9FD906E09}"
EndProject
Global
	GlobalSection(SolutionConfigurationPlatforms) = preSolution
		Debug|Any CPU = Debug|Any CPU
		Release|Any CPU = Release|Any CPU
	EndGlobalSection
	GlobalSection(ProjectConfigurationPlatforms) = postSolution
		{2BDE9716-6486-4FCC-92F2-82F82EB0FEDD}.Debug|Any CPU.ActiveCfg = Debug|Any CPU
		{2BDE9716-6486-4FCC-92F2-82F82EB0FEDD}.Debug|Any CPU.Build.0 = Debug|Any CPU
		{2BDE9716-6486-4FCC-92F2-82F82EB0FEDD}.Release|Any CPU.ActiveCfg = Release|Any CPU
		{2BDE9716-6486-4FCC-92F2-82F82EB0FEDD}.Release|Any CPU.Build.0 = Release|Any CPU
		{E5E26436-B5BB-44D6-9C4E-73AFAA2D0820}.Debug|Any CPU.ActiveCfg = Debug|Any CPU
		{E5E26436-B5BB-44D6-9C4E-73AFAA2D0820}.Debug|Any CPU.Build.0 = Debug|Any CPU
		{E5E26436-B5BB-44D6-9C4E-73AFAA2D0820}.Release|Any CPU.ActiveCfg = Release|Any CPU
		{E5E26436-B5BB-44D6-9C4E-73AFAA2D0820}.Release|Any CPU.Build.0 = Release|Any CPU
		{32CA320E-6DE2-4DA2-BBAB-F17F2FCB3853}.Debug|Any CPU.ActiveCfg = Debug|Any CPU
		{32CA320E-6DE2-4DA2-BBAB-F17F2FCB3853}.Debug|Any CPU.Build.0 = Debug|Any CPU
		{32CA320E-6DE2-4DA2-BBAB-F17F2FCB3853}.Release|Any CPU.ActiveCfg = Release|Any CPU
		{32CA320E-6DE2-4DA2-BBAB-F17F2FCB3853}.Release|Any CPU.Build.0 = Release|Any CPU
		{555B3A7B-D569-49D3-B27C-8909369EEDC3}.Debug|Any CPU.ActiveCfg = Debug|Any CPU
		{555B3A7B-D569-49D3-B27C-8909369EEDC3}.Debug|Any CPU.Build.0 = Debug|Any CPU
		{555B3A7B-D569-49D3-B27C-8909369EEDC3}.Release|Any CPU.ActiveCfg = Release|Any CPU
		{555B3A7B-D569-49D3-B27C-8909369EEDC3}.Release|Any CPU.Build.0 = Release|Any CPU
		{CF7642F7-5C1E-4735-9384-76B9FD906E09}.Debug|Any CPU.ActiveCfg = Debug|Any CPU
		{CF7642F7-5C1E-4735-9384-76B9FD906E09}.Debug|Any CPU.Build.0 = Debug|Any CPU
		{CF7642F7-5C1E-4735-9384-76B9FD906E09}.Release|Any CPU.ActiveCfg = Release|Any CPU
		{CF7642F7-5C1E-4735-9384-76B9FD906E09}.Release|Any CPU.Build.0 = Release|Any CPU
	EndGlobalSection
	GlobalSection(SolutionProperties) = preSolution
		HideSolutionNode = FALSE
	EndGlobalSection
	GlobalSection(NestedProjects) = preSolution
		{22D10731-205B-4648-9600-C996C2E56E09} = {5870F2AD-78A5-4C5D-84D3-3939E2398E42}
		{7DDFCF75-C8E5-4E1A-8323-E35D55F77E38} = {5870F2AD-78A5-4C5D-84D3-3939E2398E42}
		{C004C6D4-0803-4F0D-A93F-9678D633773C} = {7DDFCF75-C8E5-4E1A-8323-E35D55F77E38}
		{23137B13-C163-4190-BA04-7B70835B85A5} = {7DDFCF75-C8E5-4E1A-8323-E35D55F77E38}
		{2BDE9716-6486-4FCC-92F2-82F82EB0FEDD} = {23137B13-C163-4190-BA04-7B70835B85A5}
		{E5E26436-B5BB-44D6-9C4E-73AFAA2D0820} = {23137B13-C163-4190-BA04-7B70835B85A5}
		{32CA320E-6DE2-4DA2-BBAB-F17F2FCB3853} = {23137B13-C163-4190-BA04-7B70835B85A5}
		{555B3A7B-D569-49D3-B27C-8909369EEDC3} = {23137B13-C163-4190-BA04-7B70835B85A5}
	EndGlobalSection
	GlobalSection(ExtensibilityGlobals) = postSolution
		SolutionGuid = {4EF5735E-F29B-495D-8462-2AB5DEE2BF19}
	EndGlobalSection
EndGlobal
